
Microsoft Visual Studio Solution File, Format Version 12.00
# Visual Studio Version 16
VisualStudioVersion = 16.0.31205.134
MinimumVisualStudioVersion = 10.0.40219.1
Project("{FAE04EC0-301F-11D3-BF4B-00C04F79EFBC}") = "studentApp", "studentApp\studentApp.csproj", "{0A3331C8-A3E9-4699-BFBC-586128426583}"
EndProject
Global
	GlobalSection(SolutionConfigurationPlatforms) = preSolution
		Debug|Any CPU = Debug|Any CPU
		Release|Any CPU = Release|Any CPU
	EndGlobalSection
	GlobalSection(ProjectConfigurationPlatforms) = postSolution
		{0A3331C8-A3E9-4699-BFBC-586128426583}.Debug|Any CPU.ActiveCfg = Debug|Any CPU
		{0A3331C8-A3E9-4699-BFBC-586128426583}.Debug|Any CPU.Build.0 = Debug|Any CPU
		{0A3331C8-A3E9-4699-BFBC-586128426583}.Release|Any CPU.ActiveCfg = Release|Any CPU
		{0A3331C8-A3E9-4699-BFBC-586128426583}.Release|Any CPU.Build.0 = Release|Any CPU
	EndGlobalSection
	GlobalSection(SolutionProperties) = preSolution
		HideSolutionNode = FALSE
	EndGlobalSection
	GlobalSection(ExtensibilityGlobals) = postSolution
		SolutionGuid = {0A981C3B-0ABC-4771-A0BB-E873FF57D515}
	EndGlobalSection
EndGlobal
